
Microsoft Visual Studio Solution File, Format Version 12.00
# Visual Studio 15
VisualStudioVersion = 15.0.28307.136
MinimumVisualStudioVersion = 10.0.40219.1
Project("{9A19103F-16F7-4668-BE54-9A1E7A4F7556}") = "Cars_And_Parts_Site_First_Performance", "Cars_And_Parts_Site_First_Performance\Cars_And_Parts_Site_First_Performance.csproj", "{F5B7C51E-4FE9-4A34-8DEE-772073193014}"
EndProject
Global
	GlobalSection(SolutionConfigurationPlatforms) = preSolution
		Debug|Any CPU = Debug|Any CPU
		Release|Any CPU = Release|Any CPU
	EndGlobalSection
	GlobalSection(ProjectConfigurationPlatforms) = postSolution
		{F5B7C51E-4FE9-4A34-8DEE-772073193014}.Debug|Any CPU.ActiveCfg = Debug|Any CPU
		{F5B7C51E-4FE9-4A34-8DEE-772073193014}.Debug|Any CPU.Build.0 = Debug|Any CPU
		{F5B7C51E-4FE9-4A34-8DEE-772073193014}.Release|Any CPU.ActiveCfg = Release|Any CPU
		{F5B7C51E-4FE9-4A34-8DEE-772073193014}.Release|Any CPU.Build.0 = Release|Any CPU
	EndGlobalSection
	GlobalSection(SolutionProperties) = preSolution
		HideSolutionNode = FALSE
	EndGlobalSection
	GlobalSection(ExtensibilityGlobals) = postSolution
		SolutionGuid = {948C0837-1A7C-44B8-B080-F610EC62FB64}
	EndGlobalSection
EndGlobal
